
Microsoft Visual Studio Solution File, Format Version 12.00
# Visual Studio Version 17
VisualStudioVersion = 17.9.34622.214
MinimumVisualStudioVersion = 10.0.40219.1
Project("{FAE04EC0-301F-11D3-BF4B-00C04F79EFBC}") = "DXFImporter", "DXFImporter.csproj", "{E5E0CD3F-D751-46B2-8C1E-D5A7F2CDAEE0}"
EndProject
Global
	GlobalSection(SolutionConfigurationPlatforms) = preSolution
		Debug 2022|x64 = Debug 2022|x64
	EndGlobalSection
	GlobalSection(ProjectConfigurationPlatforms) = postSolution
		{E5E0CD3F-D751-46B2-8C1E-D5A7F2CDAEE0}.Debug 2022|x64.ActiveCfg = Debug 2022|x64
		{E5E0CD3F-D751-46B2-8C1E-D5A7F2CDAEE0}.Debug 2022|x64.Build.0 = Debug 2022|x64
	EndGlobalSection
	GlobalSection(SolutionProperties) = preSolution
		HideSolutionNode = FALSE
	EndGlobalSection
EndGlobal
